// !$*UTF8*$!
{
	archiveVersion = 1;
	classes = {
	};
	objectVersion = 48;
	objects = {

/* Begin PBXBuildFile section */
		3F2793E72050E68B001425E2 /* Calculator.swift in Sources */ = {isa = PBXBuildFile; fileRef = 3FECEAE0204733B90032A04F /* Calculator.swift */; };
		3F2793E82050E68B001425E2 /* Calculator.swift in Sources */ = {isa = PBXBuildFile; fileRef = 3FECEAE0204733B90032A04F /* Calculator.swift */; };
		3FC764D02027DE7C00D5AA4E /* AppDelegate.swift in Sources */ = {isa = PBXBuildFile; fileRef = 3FC764CF2027DE7C00D5AA4E /* AppDelegate.swift */; };
		3FC764D22027DE7C00D5AA4E /* ViewController.swift in Sources */ = {isa = PBXBuildFile; fileRef = 3FC764D12027DE7C00D5AA4E /* ViewController.swift */; };
		3FC764D52027DE7C00D5AA4E /* Main.storyboard in Resources */ = {isa = PBXBuildFile; fileRef = 3FC764D32027DE7C00D5AA4E /* Main.storyboard */; };
		3FC764D72027DE7C00D5AA4E /* Assets.xcassets in Resources */ = {isa = PBXBuildFile; fileRef = 3FC764D62027DE7C00D5AA4E /* Assets.xcassets */; };
		3FC764DA2027DE7C00D5AA4E /* LaunchScreen.storyboard in Resources */ = {isa = PBXBuildFile; fileRef = 3FC764D82027DE7C00D5AA4E /* LaunchScreen.storyboard */; };
		3FC764E52027DE7C00D5AA4E /* CalculatorTests.swift in Sources */ = {isa = PBXBuildFile; fileRef = 3FC764E42027DE7C00D5AA4E /* CalculatorTests.swift */; };
		3FC764F02027DE7C00D5AA4E /* CalculatorUITests.swift in Sources */ = {isa = PBXBuildFile; fileRef = 3FC764EF2027DE7C00D5AA4E /* CalculatorUITests.swift */; };
		3FC764FE2027E3D200D5AA4E /* RoundButton.swift in Sources */ = {isa = PBXBuildFile; fileRef = 3FC764FD2027E3D200D5AA4E /* RoundButton.swift */; };
		3FECEAE1204733B90032A04F /* Calculator.swift in Sources */ = {isa = PBXBuildFile; fileRef = 3FECEAE0204733B90032A04F /* Calculator.swift */; };
/* End PBXBuildFile section */

/* Begin PBXContainerItemProxy section */
		3FC764E12027DE7C00D5AA4E /* PBXContainerItemProxy */ = {
			isa = PBXContainerItemProxy;
			containerPortal = 3FC764C42027DE7B00D5AA4E /* Project object */;
			proxyType = 1;
			remoteGlobalIDString = 3FC764CB2027DE7C00D5AA4E;
			remoteInfo = Calculator;
		};
		3FC764EC2027DE7C00D5AA4E /* PBXContainerItemProxy */ = {
			isa = PBXContainerItemProxy;
			containerPortal = 3FC764C42027DE7B00D5AA4E /* Project object */;
			proxyType = 1;
			remoteGlobalIDString = 3FC764CB2027DE7C00D5AA4E;
			remoteInfo = Calculator;
		};
/* End PBXContainerItemProxy section */

/* Begin PBXFileReference section */
		3FC764CC2027DE7C00D5AA4E /* Calculator.app */ = {isa = PBXFileReference; explicitFileType = wrapper.application; includeInIndex = 0; path = Calculator.app; sourceTree = BUILT_PRODUCTS_DIR; };
		3FC764CF2027DE7C00D5AA4E /* AppDelegate.swift */ = {isa = PBXFileReference; lastKnownFileType = sourcecode.swift; path = AppDelegate.swift; sourceTree = "<group>"; };
		3FC764D12027DE7C00D5AA4E /* ViewController.swift */ = {isa = PBXFileReference; lastKnownFileType = sourcecode.swift; path = ViewController.swift; sourceTree = "<group>"; };
		3FC764D42027DE7C00D5AA4E /* Base */ = {isa = PBXFileReference; lastKnownFileType = file.storyboard; name = Base; path = Base.lproj/Main.storyboard; sourceTree = "<group>"; };
		3FC764D62027DE7C00D5AA4E /* Assets.xcassets */ = {isa = PBXFileReference; lastKnownFileType = folder.assetcatalog; path = Assets.xcassets; sourceTree = "<group>"; };
		3FC764D92027DE7C00D5AA4E /* Base */ = {isa = PBXFileReference; lastKnownFileType = file.storyboard; name = Base; path = Base.lproj/LaunchScreen.storyboard; sourceTree = "<group>"; };
		3FC764DB2027DE7C00D5AA4E /* Info.plist */ = {isa = PBXFileReference; lastKnownFileType = text.plist.xml; path = Info.plist; sourceTree = "<group>"; };
		3FC764E02027DE7C00D5AA4E /* CalculatorTests.xctest */ = {isa = PBXFileReference; explicitFileType = wrapper.cfbundle; includeInIndex = 0; path = CalculatorTests.xctest; sourceTree = BUILT_PRODUCTS_DIR; };
		3FC764E42027DE7C00D5AA4E /* CalculatorTests.swift */ = {isa = PBXFileReference; lastKnownFileType = sourcecode.swift; path = CalculatorTests.swift; sourceTree = "<group>"; };
		3FC764E62027DE7C00D5AA4E /* Info.plist */ = {isa = PBXFileReference; lastKnownFileType = text.plist.xml; path = Info.plist; sourceTree = "<group>"; };
		3FC764EB2027DE7C00D5AA4E /* CalculatorUITests.xctest */ = {isa = PBXFileReference; explicitFileType = wrapper.cfbundle; includeInIndex = 0; path = CalculatorUITests.xctest; sourceTree = BUILT_PRODUCTS_DIR; };
		3FC764EF2027DE7C00D5AA4E /* CalculatorUITests.swift */ = {isa = PBXFileReference; lastKnownFileType = sourcecode.swift; path = CalculatorUITests.swift; sourceTree = "<group>"; };
		3FC764F12027DE7C00D5AA4E /* Info.plist */ = {isa = PBXFileReference; lastKnownFileType = text.plist.xml; path = Info.plist; sourceTree = "<group>"; };
		3FC764FD2027E3D200D5AA4E /* RoundButton.swift */ = {isa = PBXFileReference; lastKnownFileType = sourcecode.swift; path = RoundButton.swift; sourceTree = "<group>"; };
		3FECEAE0204733B90032A04F /* Calculator.swift */ = {isa = PBXFileReference; lastKnownFileType = sourcecode.swift; path = Calculator.swift; sourceTree = "<group>"; };
/* End PBXFileReference section */

/* Begin PBXFrameworksBuildPhase section */
		3FC764C92027DE7C00D5AA4E /* Frameworks */ = {
			isa = PBXFrameworksBuildPhase;
			buildActionMask = 2147483647;
			files = (
			);
			runOnlyForDeploymentPostprocessing = 0;
		};
		3FC764DD2027DE7C00D5AA4E /* Frameworks */ = {
			isa = PBXFrameworksBuildPhase;
			buildActionMask = 2147483647;
			files = (
			);
			runOnlyForDeploymentPostprocessing = 0;
		};
		3FC764E82027DE7C00D5AA4E /* Frameworks */ = {
			isa = PBXFrameworksBuildPhase;
			buildActionMask = 2147483647;
			files = (
			);
			runOnlyForDeploymentPostprocessing = 0;
		};
/* End PBXFrameworksBuildPhase section */

/* Begin PBXGroup section */
		3FC764C32027DE7B00D5AA4E = {
			isa = PBXGroup;
			children = (
				3FC764CE2027DE7C00D5AA4E /* Calculator */,
				3FC764E32027DE7C00D5AA4E /* CalculatorTests */,
				3FC764EE2027DE7C00D5AA4E /* CalculatorUITests */,
				3FC764CD2027DE7C00D5AA4E /* Products */,
			);
			sourceTree = "<group>";
		};
		3FC764CD2027DE7C00D5AA4E /* Products */ = {
			isa = PBXGroup;
			children = (
				3FC764CC2027DE7C00D5AA4E /* Calculator.app */,
				3FC764E02027DE7C00D5AA4E /* CalculatorTests.xctest */,
				3FC764EB2027DE7C00D5AA4E /* CalculatorUITests.xctest */,
			);
			name = Products;
			sourceTree = "<group>";
		};
		3FC764CE2027DE7C00D5AA4E /* Calculator */ = {
			isa = PBXGroup;
			children = (
				3FECEAE0204733B90032A04F /* Calculator.swift */,
				3FC764CF2027DE7C00D5AA4E /* AppDelegate.swift */,
				3FC764D12027DE7C00D5AA4E /* ViewController.swift */,
				3FC764D32027DE7C00D5AA4E /* Main.storyboard */,
				3FC764D62027DE7C00D5AA4E /* Assets.xcassets */,
				3FC764D82027DE7C00D5AA4E /* LaunchScreen.storyboard */,
				3FC764DB2027DE7C00D5AA4E /* Info.plist */,
				3FC764FD2027E3D200D5AA4E /* RoundButton.swift */,
			);
			path = Calculator;
			sourceTree = "<group>";
		};
		3FC764E32027DE7C00D5AA4E /* CalculatorTests */ = {
			isa = PBXGroup;
			children = (
				3FC764E42027DE7C00D5AA4E /* CalculatorTests.swift */,
				3FC764E62027DE7C00D5AA4E /* Info.plist */,
			);
			path = CalculatorTests;
			sourceTree = "<group>";
		};
		3FC764EE2027DE7C00D5AA4E /* CalculatorUITests */ = {
			isa = PBXGroup;
			children = (
				3FC764EF2027DE7C00D5AA4E /* CalculatorUITests.swift */,
				3FC764F12027DE7C00D5AA4E /* Info.plist */,
			);
			path = CalculatorUITests;
			sourceTree = "<group>";
		};
/* End PBXGroup section */

/* Begin PBXNativeTarget section */
		3FC764CB2027DE7C00D5AA4E /* Calculator */ = {
			isa = PBXNativeTarget;
			buildConfigurationList = 3FC764F42027DE7C00D5AA4E /* Build configuration list for PBXNativeTarget "Calculator" */;
			buildPhases = (
				3FC764C82027DE7C00D5AA4E /* Sources */,
				3FC764C92027DE7C00D5AA4E /* Frameworks */,
				3FC764CA2027DE7C00D5AA4E /* Resources */,
			);
			buildRules = (
			);
			dependencies = (
			);
			name = Calculator;
			productName = Calculator;
			productReference = 3FC764CC2027DE7C00D5AA4E /* Calculator.app */;
			productType = "com.apple.product-type.application";
		};
		3FC764DF2027DE7C00D5AA4E /* CalculatorTests */ = {
			isa = PBXNativeTarget;
			buildConfigurationList = 3FC764F72027DE7C00D5AA4E /* Build configuration list for PBXNativeTarget "CalculatorTests" */;
			buildPhases = (
				3FC764DC2027DE7C00D5AA4E /* Sources */,
				3FC764DD2027DE7C00D5AA4E /* Frameworks */,
				3FC764DE2027DE7C00D5AA4E /* Resources */,
			);
			buildRules = (
			);
			dependencies = (
				3FC764E22027DE7C00D5AA4E /* PBXTargetDependency */,
			);
			name = CalculatorTests;
			productName = CalculatorTests;
			productReference = 3FC764E02027DE7C00D5AA4E /* CalculatorTests.xctest */;
			productType = "com.apple.product-type.bundle.unit-test";
		};
		3FC764EA2027DE7C00D5AA4E /* CalculatorUITests */ = {
			isa = PBXNativeTarget;
			buildConfigurationList = 3FC764FA2027DE7C00D5AA4E /* Build configuration list for PBXNativeTarget "CalculatorUITests" */;
			buildPhases = (
				3FC764E72027DE7C00D5AA4E /* Sources */,
				3FC764E82027DE7C00D5AA4E /* Frameworks */,
				3FC764E92027DE7C00D5AA4E /* Resources */,
			);
			buildRules = (
			);
			dependencies = (
				3FC764ED2027DE7C00D5AA4E /* PBXTargetDependency */,
			);
			name = CalculatorUITests;
			productName = CalculatorUITests;
			productReference = 3FC764EB2027DE7C00D5AA4E /* CalculatorUITests.xctest */;
			productType = "com.apple.product-type.bundle.ui-testing";
		};
/* End PBXNativeTarget section */

/* Begin PBXProject section */
		3FC764C42027DE7B00D5AA4E /* Project object */ = {
			isa = PBXProject;
			attributes = {
				LastSwiftUpdateCheck = 0910;
				LastUpgradeCheck = 0910;
				ORGANIZATIONNAME = "Jeremy  Robinson";
				TargetAttributes = {
					3FC764CB2027DE7C00D5AA4E = {
						CreatedOnToolsVersion = 9.1;
						ProvisioningStyle = Automatic;
					};
					3FC764DF2027DE7C00D5AA4E = {
						CreatedOnToolsVersion = 9.1;
						ProvisioningStyle = Automatic;
						TestTargetID = 3FC764CB2027DE7C00D5AA4E;
					};
					3FC764EA2027DE7C00D5AA4E = {
						CreatedOnToolsVersion = 9.1;
						ProvisioningStyle = Automatic;
						TestTargetID = 3FC764CB2027DE7C00D5AA4E;
					};
				};
			};
			buildConfigurationList = 3FC764C72027DE7B00D5AA4E /* Build configuration list for PBXProject "Calculator" */;
			compatibilityVersion = "Xcode 8.0";
			developmentRegion = en;
			hasScannedForEncodings = 0;
			knownRegions = (
				en,
				Base,
			);
			mainGroup = 3FC764C32027DE7B00D5AA4E;
			productRefGroup = 3FC764CD2027DE7C00D5AA4E /* Products */;
			projectDirPath = "";
			projectRoot = "";
			targets = (
				3FC764CB2027DE7C00D5AA4E /* Calculator */,
				3FC764DF2027DE7C00D5AA4E /* CalculatorTests */,
				3FC764EA2027DE7C00D5AA4E /* CalculatorUITests */,
			);
		};
/* End PBXProject section */

/* Begin PBXResourcesBuildPhase section */
		3FC764CA2027DE7C00D5AA4E /* Resources */ = {
			isa = PBXResourcesBuildPhase;
			buildActionMask = 2147483647;
			files = (
				3FC764DA2027DE7C00D5AA4E /* LaunchScreen.storyboard in Resources */,
				3FC764D72027DE7C00D5AA4E /* Assets.xcassets in Resources */,
				3FC764D52027DE7C00D5AA4E /* Main.storyboard in Resources */,
			);
			runOnlyForDeploymentPostprocessing = 0;
		};
		3FC764DE2027DE7C00D5AA4E /* Resources */ = {
			isa = PBXResourcesBuildPhase;
			buildActionMask = 2147483647;
			files = (
			);
			runOnlyForDeploymentPostprocessing = 0;
		};
		3FC764E92027DE7C00D5AA4E /* Resources */ = {
			isa = PBXResourcesBuildPhase;
			buildActionMask = 2147483647;
			files = (
			);
			runOnlyForDeploymentPostprocessing = 0;
		};
/* End PBXResourcesBuildPhase section */

/* Begin PBXSourcesBuildPhase section */
		3FC764C82027DE7C00D5AA4E /* Sources */ = {
			isa = PBXSourcesBuildPhase;
			buildActionMask = 2147483647;
			files = (
				3FC764FE2027E3D200D5AA4E /* RoundButton.swift in Sources */,
				3FECEAE1204733B90032A04F /* Calculator.swift in Sources */,
				3FC764D22027DE7C00D5AA4E /* ViewController.swift in Sources */,
				3FC764D02027DE7C00D5AA4E /* AppDelegate.swift in Sources */,
			);
			runOnlyForDeploymentPostprocessing = 0;
		};
		3FC764DC2027DE7C00D5AA4E /* Sources */ = {
			isa = PBXSourcesBuildPhase;
			buildActionMask = 2147483647;
			files = (
				3FC764E52027DE7C00D5AA4E /* CalculatorTests.swift in Sources */,
				3F2793E72050E68B001425E2 /* Calculator.swift in Sources */,
			);
			runOnlyForDeploymentPostprocessing = 0;
		};
		3FC764E72027DE7C00D5AA4E /* Sources */ = {
			isa = PBXSourcesBuildPhase;
			buildActionMask = 2147483647;
			files = (
				3FC764F02027DE7C00D5AA4E /* CalculatorUITests.swift in Sources */,
				3F2793E82050E68B001425E2 /* Calculator.swift in Sources */,
			);
			runOnlyForDeploymentPostprocessing = 0;
		};
/* End PBXSourcesBuildPhase section */

/* Begin PBXTargetDependency section */
		3FC764E22027DE7C00D5AA4E /* PBXTargetDependency */ = {
			isa = PBXTargetDependency;
			target = 3FC764CB2027DE7C00D5AA4E /* Calculator */;
			targetProxy = 3FC764E12027DE7C00D5AA4E /* PBXContainerItemProxy */;
		};
		3FC764ED2027DE7C00D5AA4E /* PBXTargetDependency */ = {
			isa = PBXTargetDependency;
			target = 3FC764CB2027DE7C00D5AA4E /* Calculator */;
			targetProxy = 3FC764EC2027DE7C00D5AA4E /* PBXContainerItemProxy */;
		};
/* End PBXTargetDependency section */

/* Begin PBXVariantGroup section */
		3FC764D32027DE7C00D5AA4E /* Main.storyboard */ = {
			isa = PBXVariantGroup;
			children = (
				3FC764D42027DE7C00D5AA4E /* Base */,
			);
			name = Main.storyboard;
			sourceTree = "<group>";
		};
		3FC764D82027DE7C00D5AA4E /* LaunchScreen.storyboard */ = {
			isa = PBXVariantGroup;
			children = (
				3FC764D92027DE7C00D5AA4E /* Base */,
			);
			name = LaunchScreen.storyboard;
			sourceTree = "<group>";
		};
/* End PBXVariantGroup section */

/* Begin XCBuildConfiguration section */
		3FC764F22027DE7C00D5AA4E /* Debug */ = {
			isa = XCBuildConfiguration;
			buildSettings = {
				ALWAYS_SEARCH_USER_PATHS = NO;
				CLANG_ANALYZER_NONNULL = YES;
				CLANG_ANALYZER_NUMBER_OBJECT_CONVERSION = YES_AGGRESSIVE;
				CLANG_CXX_LANGUAGE_STANDARD = "gnu++14";
				CLANG_CXX_LIBRARY = "libc++";
				CLANG_ENABLE_MODULES = YES;
				CLANG_ENABLE_OBJC_ARC = YES;
				CLANG_WARN_BLOCK_CAPTURE_AUTORELEASING = YES;
				CLANG_WARN_BOOL_CONVERSION = YES;
				CLANG_WARN_COMMA = YES;
				CLANG_WARN_CONSTANT_CONVERSION = YES;
				CLANG_WARN_DIRECT_OBJC_ISA_USAGE = YES_ERROR;
				CLANG_WARN_DOCUMENTATION_COMMENTS = YES;
				CLANG_WARN_EMPTY_BODY = YES;
				CLANG_WARN_ENUM_CONVERSION = YES;
				CLANG_WARN_INFINITE_RECURSION = YES;
				CLANG_WARN_INT_CONVERSION = YES;
				CLANG_WARN_NON_LITERAL_NULL_CONVERSION = YES;
				CLANG_WARN_OBJC_LITERAL_CONVERSION = YES;
				CLANG_WARN_OBJC_ROOT_CLASS = YES_ERROR;
				CLANG_WARN_RANGE_LOOP_ANALYSIS = YES;
				CLANG_WARN_STRICT_PROTOTYPES = YES;
				CLANG_WARN_SUSPICIOUS_MOVE = YES;
				CLANG_WARN_UNGUARDED_AVAILABILITY = YES_AGGRESSIVE;
				CLANG_WARN_UNREACHABLE_CODE = YES;
				CLANG_WARN__DUPLICATE_METHOD_MATCH = YES;
				CODE_SIGN_IDENTITY = "iPhone Developer";
				COPY_PHASE_STRIP = NO;
				DEBUG_INFORMATION_FORMAT = dwarf;
				ENABLE_STRICT_OBJC_MSGSEND = YES;
				ENABLE_TESTABILITY = YES;
				GCC_C_LANGUAGE_STANDARD = gnu11;
				GCC_DYNAMIC_NO_PIC = NO;
				GCC_NO_COMMON_BLOCKS = YES;
				GCC_OPTIMIZATION_LEVEL = 0;
				GCC_PREPROCESSOR_DEFINITIONS = (
					"DEBUG=1",
					"$(inherited)",
				);
				GCC_WARN_64_TO_32_BIT_CONVERSION = YES;
				GCC_WARN_ABOUT_RETURN_TYPE = YES_ERROR;
				GCC_WARN_UNDECLARED_SELECTOR = YES;
				GCC_WARN_UNINITIALIZED_AUTOS = YES_AGGRESSIVE;
				GCC_WARN_UNUSED_FUNCTION = YES;
				GCC_WARN_UNUSED_VARIABLE = YES;
				IPHONEOS_DEPLOYMENT_TARGET = 11.1;
				MTL_ENABLE_DEBUG_INFO = YES;
				ONLY_ACTIVE_ARCH = YES;
				SDKROOT = iphoneos;
				SWIFT_ACTIVE_COMPILATION_CONDITIONS = DEBUG;
				SWIFT_OPTIMIZATION_LEVEL = "-Onone";
			};
			name = Debug;
		};
		3FC764F32027DE7C00D5AA4E /* Release */ = {
			isa = XCBuildConfiguration;
			buildSettings = {
				ALWAYS_SEARCH_USER_PATHS = NO;
				CLANG_ANALYZER_NONNULL = YES;
				CLANG_ANALYZER_NUMBER_OBJECT_CONVERSION = YES_AGGRESSIVE;
				CLANG_CXX_LANGUAGE_STANDARD = "gnu++14";
				CLANG_CXX_LIBRARY = "libc++";
				CLANG_ENABLE_MODULES = YES;
				CLANG_ENABLE_OBJC_ARC = YES;
				CLANG_WARN_BLOCK_CAPTURE_AUTORELEASING = YES;
				CLANG_WARN_BOOL_CONVERSION = YES;
				CLANG_WARN_COMMA = YES;
				CLANG_WARN_CONSTANT_CONVERSION = YES;
				CLANG_WARN_DIRECT_OBJC_ISA_USAGE = YES_ERROR;
				CLANG_WARN_DOCUMENTATION_COMMENTS = YES;
				CLANG_WARN_EMPTY_BODY = YES;
				CLANG_WARN_ENUM_CONVERSION = YES;
				CLANG_WARN_INFINITE_RECURSION = YES;
				CLANG_WARN_INT_CONVERSION = YES;
				CLANG_WARN_NON_LITERAL_NULL_CONVERSION = YES;
				CLANG_WARN_OBJC_LITERAL_CONVERSION = YES;
				CLANG_WARN_OBJC_ROOT_CLASS = YES_ERROR;
				CLANG_WARN_RANGE_LOOP_ANALYSIS = YES;
				CLANG_WARN_STRICT_PROTOTYPES = YES;
				CLANG_WARN_SUSPICIOUS_MOVE = YES;
				CLANG_WARN_UNGUARDED_AVAILABILITY = YES_AGGRESSIVE;
				CLANG_WARN_UNREACHABLE_CODE = YES;
				CLANG_WARN__DUPLICATE_METHOD_MATCH = YES;
				CODE_SIGN_IDENTITY = "iPhone Developer";
				COPY_PHASE_STRIP = NO;
				DEBUG_INFORMATION_FORMAT = "dwarf-with-dsym";
				ENABLE_NS_ASSERTIONS = NO;
				ENABLE_STRICT_OBJC_MSGSEND = YES;
				GCC_C_LANGUAGE_STANDARD = gnu11;
				GCC_NO_COMMON_BLOCKS = YES;
				GCC_WARN_64_TO_32_BIT_CONVERSION = YES;
				GCC_WARN_ABOUT_RETURN_TYPE = YES_ERROR;
				GCC_WARN_UNDECLARED_SELECTOR = YES;
				GCC_WARN_UNINITIALIZED_AUTOS = YES_AGGRESSIVE;
				GCC_WARN_UNUSED_FUNCTION = YES;
				GCC_WARN_UNUSED_VARIABLE = YES;
				IPHONEOS_DEPLOYMENT_TARGET = 11.1;
				MTL_ENABLE_DEBUG_INFO = NO;
				SDKROOT = iphoneos;
				SWIFT_OPTIMIZATION_LEVEL = "-Owholemodule";
				VALIDATE_PRODUCT = YES;
			};
			name = Release;
		};
		3FC764F52027DE7C00D5AA4E /* Debug */ = {
			isa = XCBuildConfiguration;
			buildSettings = {
				ASSETCATALOG_COMPILER_APPICON_NAME = AppIcon;
				CODE_SIGN_STYLE = Automatic;
				DEVELOPMENT_TEAM = UDTN4YEY2W;
				INFOPLIST_FILE = Calculator/Info.plist;
				LD_RUNPATH_SEARCH_PATHS = "$(inherited) @executable_path/Frameworks";
				PRODUCT_BUNDLE_IDENTIFIER = edu.hofstra.JeremyRobinson.Calculator;
				PRODUCT_NAME = "$(TARGET_NAME)";
				SWIFT_VERSION = 4.0;
				TARGETED_DEVICE_FAMILY = "1,2";
			};
			name = Debug;
		};
		3FC764F62027DE7C00D5AA4E /* Release */ = {
			isa = XCBuildConfiguration;
			buildSettings = {
				ASSETCATALOG_COMPILER_APPICON_NAME = AppIcon;
				CODE_SIGN_STYLE = Automatic;
				DEVELOPMENT_TEAM = UDTN4YEY2W;
				INFOPLIST_FILE = Calculator/Info.plist;
				LD_RUNPATH_SEARCH_PATHS = "$(inherited) @executable_path/Frameworks";
				PRODUCT_BUNDLE_IDENTIFIER = edu.hofstra.JeremyRobinson.Calculator;
				PRODUCT_NAME = "$(TARGET_NAME)";
				SWIFT_VERSION = 4.0;
				TARGETED_DEVICE_FAMILY = "1,2";
			};
			name = Release;
		};
		3FC764F82027DE7C00D5AA4E /* Debug */ = {
			isa = XCBuildConfiguration;
			buildSettings = {
				ALWAYS_EMBED_SWIFT_STANDARD_LIBRARIES = YES;
				BUNDLE_LOADER = "$(TEST_HOST)";
				CODE_SIGN_STYLE = Automatic;
				DEVELOPMENT_TEAM = UDTN4YEY2W;
				INFOPLIST_FILE = CalculatorTests/Info.plist;
				LD_RUNPATH_SEARCH_PATHS = "$(inherited) @executable_path/Frameworks @loader_path/Frameworks";
				PRODUCT_BUNDLE_IDENTIFIER = edu.hofstra.JeremyRobinson.CalculatorTests;
				PRODUCT_NAME = "$(TARGET_NAME)";
				SWIFT_VERSION = 4.0;
				TARGETED_DEVICE_FAMILY = "1,2";
				TEST_HOST = "$(BUILT_PRODUCTS_DIR)/Calculator.app/Calculator";
			};
			name = Debug;
		};
		3FC764F92027DE7C00D5AA4E /* Release */ = {
			isa = XCBuildConfiguration;
			buildSettings = {
				ALWAYS_EMBED_SWIFT_STANDARD_LIBRARIES = YES;
				BUNDLE_LOADER = "$(TEST_HOST)";
				CODE_SIGN_STYLE = Automatic;
				DEVELOPMENT_TEAM = UDTN4YEY2W;
				INFOPLIST_FILE = CalculatorTests/Info.plist;
				LD_RUNPATH_SEARCH_PATHS = "$(inherited) @executable_path/Frameworks @loader_path/Frameworks";
				PRODUCT_BUNDLE_IDENTIFIER = edu.hofstra.JeremyRobinson.CalculatorTests;
				PRODUCT_NAME = "$(TARGET_NAME)";
				SWIFT_VERSION = 4.0;
				TARGETED_DEVICE_FAMILY = "1,2";
				TEST_HOST = "$(BUILT_PRODUCTS_DIR)/Calculator.app/Calculator";
			};
			name = Release;
		};
		3FC764FB2027DE7C00D5AA4E /* Debug */ = {
			isa = XCBuildConfiguration;
			buildSettings = {
				ALWAYS_EMBED_SWIFT_STANDARD_LIBRARIES = YES;
				CODE_SIGN_STYLE = Automatic;
				DEVELOPMENT_TEAM = UDTN4YEY2W;
				INFOPLIST_FILE = CalculatorUITests/Info.plist;
				LD_RUNPATH_SEARCH_PATHS = "$(inherited) @executable_path/Frameworks @loader_path/Frameworks";
				PRODUCT_BUNDLE_IDENTIFIER = edu.hofstra.JeremyRobinson.CalculatorUITests;
				PRODUCT_NAME = "$(TARGET_NAME)";
				SWIFT_VERSION = 4.0;
				TARGETED_DEVICE_FAMILY = "1,2";
				TEST_TARGET_NAME = Calculator;
			};
			name = Debug;
		};
		3FC764FC2027DE7C00D5AA4E /* Release */ = {
			isa = XCBuildConfiguration;
			buildSettings = {
				ALWAYS_EMBED_SWIFT_STANDARD_LIBRARIES = YES;
				CODE_SIGN_STYLE = Automatic;
				DEVELOPMENT_TEAM = UDTN4YEY2W;
				INFOPLIST_FILE = CalculatorUITests/Info.plist;
				LD_RUNPATH_SEARCH_PATHS = "$(inherited) @executable_path/Frameworks @loader_path/Frameworks";
				PRODUCT_BUNDLE_IDENTIFIER = edu.hofstra.JeremyRobinson.CalculatorUITests;
				PRODUCT_NAME = "$(TARGET_NAME)";
				SWIFT_VERSION = 4.0;
				TARGETED_DEVICE_FAMILY = "1,2";
				TEST_TARGET_NAME = Calculator;
			};
			name = Release;
		};
/* End XCBuildConfiguration section */

/* Begin XCConfigurationList section */
		3FC764C72027DE7B00D5AA4E /* Build configuration list for PBXProject "Calculator" */ = {
			isa = XCConfigurationList;
			buildConfigurations = (
				3FC764F22027DE7C00D5AA4E /* Debug */,
				3FC764F32027DE7C00D5AA4E /* Release */,
			);
			defaultConfigurationIsVisible = 0;
			defaultConfigurationName = Release;
		};
		3FC764F42027DE7C00D5AA4E /* Build configuration list for PBXNativeTarget "Calculator" */ = {
			isa = XCConfigurationList;
			buildConfigurations = (
				3FC764F52027DE7C00D5AA4E /* Debug */,
				3FC764F62027DE7C00D5AA4E /* Release */,
			);
			defaultConfigurationIsVisible = 0;
			defaultConfigurationName = Release;
		};
		3FC764F72027DE7C00D5AA4E /* Build configuration list for PBXNativeTarget "CalculatorTests" */ = {
			isa = XCConfigurationList;
			buildConfigurations = (
				3FC764F82027DE7C00D5AA4E /* Debug */,
				3FC764F92027DE7C00D5AA4E /* Release */,
			);
			defaultConfigurationIsVisible = 0;
			defaultConfigurationName = Release;
		};
		3FC764FA2027DE7C00D5AA4E /* Build configuration list for PBXNativeTarget "CalculatorUITests" */ = {
			isa = XCConfigurationList;
			buildConfigurations = (
				3FC764FB2027DE7C00D5AA4E /* Debug */,
				3FC764FC2027DE7C00D5AA4E /* Release */,
			);
			defaultConfigurationIsVisible = 0;
			defaultConfigurationName = Release;
		};
/* End XCConfigurationList section */
	};
	rootObject = 3FC764C42027DE7B00D5AA4E /* Project object */;
}
